
Microsoft Visual Studio Solution File, Format Version 12.00
# Visual Studio Version 16
VisualStudioVersion = 16.0.34601.136
MinimumVisualStudioVersion = 10.0.40219.1
Project("{FAE04EC0-301F-11D3-BF4B-00C04F79EFBC}") = "WindowsFormsApp1(CAPAPRESENTACION)", "WindowsFormsApp1(CAPAPRESENTACION)\WindowsFormsApp1(CAPAPRESENTACION).csproj", "{A267ECFF-03CB-4631-94C9-1D6CE678EF5A}"
EndProject
Project("{FAE04EC0-301F-11D3-BF4B-00C04F79EFBC}") = "ClassLibrary1(CapaDeNegocio)", "ClassLibrary1(CapaDeNegocio)\ClassLibrary1(CapaDeNegocio).csproj", "{1FDE4328-E778-44A7-8312-1A93F2FB5B5A}"
EndProject
Project("{FAE04EC0-301F-11D3-BF4B-00C04F79EFBC}") = "ClassLibrary1(CAPADATOS)", "ClassLibrary1(CAPADATOS)\ClassLibrary1(CAPADATOS).csproj", "{A619FF92-4817-4FDC-BFA1-9F9E373F8E36}"
EndProject
Project("{FAE04EC0-301F-11D3-BF4B-00C04F79EFBC}") = "ClassLibrary1(CAPAENTIDADES)", "ClassLibrary1(CAPAENTIDADES)\ClassLibrary1(CAPAENTIDADES).csproj", "{21F8AF97-7C1A-4779-90D9-CA46AD5C5C4A}"
EndProject
Global
	GlobalSection(SolutionConfigurationPlatforms) = preSolution
		Debug|Any CPU = Debug|Any CPU
		Release|Any CPU = Release|Any CPU
	EndGlobalSection
	GlobalSection(ProjectConfigurationPlatforms) = postSolution
		{A267ECFF-03CB-4631-94C9-1D6CE678EF5A}.Debug|Any CPU.ActiveCfg = Debug|Any CPU
		{A267ECFF-03CB-4631-94C9-1D6CE678EF5A}.Debug|Any CPU.Build.0 = Debug|Any CPU
		{A267ECFF-03CB-4631-94C9-1D6CE678EF5A}.Release|Any CPU.ActiveCfg = Release|Any CPU
		{A267ECFF-03CB-4631-94C9-1D6CE678EF5A}.Release|Any CPU.Build.0 = Release|Any CPU
		{1FDE4328-E778-44A7-8312-1A93F2FB5B5A}.Debug|Any CPU.ActiveCfg = Debug|Any CPU
		{1FDE4328-E778-44A7-8312-1A93F2FB5B5A}.Debug|Any CPU.Build.0 = Debug|Any CPU
		{1FDE4328-E778-44A7-8312-1A93F2FB5B5A}.Release|Any CPU.ActiveCfg = Release|Any CPU
		{1FDE4328-E778-44A7-8312-1A93F2FB5B5A}.Release|Any CPU.Build.0 = Release|Any CPU
		{A619FF92-4817-4FDC-BFA1-9F9E373F8E36}.Debug|Any CPU.ActiveCfg = Debug|Any CPU
		{A619FF92-4817-4FDC-BFA1-9F9E373F8E36}.Debug|Any CPU.Build.0 = Debug|Any CPU
		{A619FF92-4817-4FDC-BFA1-9F9E373F8E36}.Release|Any CPU.ActiveCfg = Release|Any CPU
		{A619FF92-4817-4FDC-BFA1-9F9E373F8E36}.Release|Any CPU.Build.0 = Release|Any CPU
		{21F8AF97-7C1A-4779-90D9-CA46AD5C5C4A}.Debug|Any CPU.ActiveCfg = Debug|Any CPU
		{21F8AF97-7C1A-4779-90D9-CA46AD5C5C4A}.Debug|Any CPU.Build.0 = Debug|Any CPU
		{21F8AF97-7C1A-4779-90D9-CA46AD5C5C4A}.Release|Any CPU.ActiveCfg = Release|Any CPU
		{21F8AF97-7C1A-4779-90D9-CA46AD5C5C4A}.Release|Any CPU.Build.0 = Release|Any CPU
	EndGlobalSection
	GlobalSection(SolutionProperties) = preSolution
		HideSolutionNode = FALSE
	EndGlobalSection
	GlobalSection(ExtensibilityGlobals) = postSolution
		SolutionGuid = {192C81E9-F7DA-4451-9363-A51C084B9971}
	EndGlobalSection
EndGlobal
